
Microsoft Visual Studio Solution File, Format Version 12.00
# Visual Studio Version 16
VisualStudioVersion = 16.0.30523.141
MinimumVisualStudioVersion = 10.0.40219.1
Project("{FAE04EC0-301F-11D3-BF4B-00C04F79EFBC}") = "BackEnd1_xtectutor", "BackEnd1_xtectutor.csproj", "{39DB615E-2B1E-4C31-8A52-889F866E806B}"
EndProject
Global
	GlobalSection(SolutionConfigurationPlatforms) = preSolution
		Debug|Any CPU = Debug|Any CPU
		Release|Any CPU = Release|Any CPU
	EndGlobalSection
	GlobalSection(ProjectConfigurationPlatforms) = postSolution
		{39DB615E-2B1E-4C31-8A52-889F866E806B}.Debug|Any CPU.ActiveCfg = Debug|Any CPU
		{39DB615E-2B1E-4C31-8A52-889F866E806B}.Debug|Any CPU.Build.0 = Debug|Any CPU
		{39DB615E-2B1E-4C31-8A52-889F866E806B}.Release|Any CPU.ActiveCfg = Release|Any CPU
		{39DB615E-2B1E-4C31-8A52-889F866E806B}.Release|Any CPU.Build.0 = Release|Any CPU
	EndGlobalSection
	GlobalSection(SolutionProperties) = preSolution
		HideSolutionNode = FALSE
	EndGlobalSection
	GlobalSection(ExtensibilityGlobals) = postSolution
		SolutionGuid = {5F71938B-AF6C-43A0-BEBF-108E22B412EB}
	EndGlobalSection
EndGlobal
